
Microsoft Visual Studio Solution File, Format Version 12.00
# Visual Studio 14
VisualStudioVersion = 14.0.25420.1
MinimumVisualStudioVersion = 10.0.40219.1
Project("{FAE04EC0-301F-11D3-BF4B-00C04F79EFBC}") = "Interfaces_and_Extensibility", "Interfaces_and_Extensibility\Interfaces_and_Extensibility.csproj", "{926F5FB3-A98A-41EE-8546-CFAD8C9A8BA7}"
EndProject
Global
	GlobalSection(SolutionConfigurationPlatforms) = preSolution
		Debug|Any CPU = Debug|Any CPU
		Release|Any CPU = Release|Any CPU
	EndGlobalSection
	GlobalSection(ProjectConfigurationPlatforms) = postSolution
		{926F5FB3-A98A-41EE-8546-CFAD8C9A8BA7}.Debug|Any CPU.ActiveCfg = Debug|Any CPU
		{926F5FB3-A98A-41EE-8546-CFAD8C9A8BA7}.Debug|Any CPU.Build.0 = Debug|Any CPU
		{926F5FB3-A98A-41EE-8546-CFAD8C9A8BA7}.Release|Any CPU.ActiveCfg = Release|Any CPU
		{926F5FB3-A98A-41EE-8546-CFAD8C9A8BA7}.Release|Any CPU.Build.0 = Release|Any CPU
	EndGlobalSection
	GlobalSection(SolutionProperties) = preSolution
		HideSolutionNode = FALSE
	EndGlobalSection
EndGlobal
